// !$*UTF8*$!
{
	archiveVersion = 1;
	classes = {
	};
	objectVersion = 46;
	objects = {

/* Begin PBXBuildFile section */
		CE63E5561BBBEFFF00A4DD79 /* ForkizeMessage.m in Sources */ = {isa = PBXBuildFile; fileRef = CE63E5551BBBEFFF00A4DD79 /* ForkizeMessage.m */; };
		CEB760221C0A45E90091B9ED /* UserProfileInternal.m in Sources */ = {isa = PBXBuildFile; fileRef = CEB760211C0A45E90091B9ED /* UserProfileInternal.m */; };
		CED054611BA6C5F600842D52 /* FZUserDAO.m in Sources */ = {isa = PBXBuildFile; fileRef = CED054601BA6C5F600842D52 /* FZUserDAO.m */; };
		CED054641BA6CC6E00842D52 /* FZUser.m in Sources */ = {isa = PBXBuildFile; fileRef = CED054631BA6CC6E00842D52 /* FZUser.m */; };
		CED054661BA6F64100842D52 /* projects.db in Resources */ = {isa = PBXBuildFile; fileRef = CED054651BA6F64100842D52 /* projects.db */; };
		CED054691BA6FE1C00842D52 /* FZEvent.m in Sources */ = {isa = PBXBuildFile; fileRef = CED054681BA6FE1C00842D52 /* FZEvent.m */; };
		CED054701BA7FDEC00842D52 /* LocationInstance.m in Sources */ = {isa = PBXBuildFile; fileRef = CED0546F1BA7FDEC00842D52 /* LocationInstance.m */; };
		CED054731BA81B0700842D52 /* Reachability.m in Sources */ = {isa = PBXBuildFile; fileRef = CED054721BA81B0700842D52 /* Reachability.m */; };
		CED054771BA9C03200842D52 /* Request.m in Sources */ = {isa = PBXBuildFile; fileRef = CED054761BA9C03200842D52 /* Request.m */; };
		CED0547A1BA9C08300842D52 /* RestClient.m in Sources */ = {isa = PBXBuildFile; fileRef = CED054791BA9C08300842D52 /* RestClient.m */; };
		CED9A9D51BA00B9500B54B94 /* main.m in Sources */ = {isa = PBXBuildFile; fileRef = CED9A9D41BA00B9500B54B94 /* main.m */; };
		CED9A9D81BA00B9500B54B94 /* AppDelegate.m in Sources */ = {isa = PBXBuildFile; fileRef = CED9A9D71BA00B9500B54B94 /* AppDelegate.m */; };
		CED9A9DB1BA00B9500B54B94 /* ViewController.m in Sources */ = {isa = PBXBuildFile; fileRef = CED9A9DA1BA00B9500B54B94 /* ViewController.m */; };
		CED9A9DE1BA00B9500B54B94 /* Main.storyboard in Resources */ = {isa = PBXBuildFile; fileRef = CED9A9DC1BA00B9500B54B94 /* Main.storyboard */; };
		CED9A9E01BA00B9500B54B94 /* Images.xcassets in Resources */ = {isa = PBXBuildFile; fileRef = CED9A9DF1BA00B9500B54B94 /* Images.xcassets */; };
		CED9A9E31BA00B9500B54B94 /* LaunchScreen.xib in Resources */ = {isa = PBXBuildFile; fileRef = CED9A9E11BA00B9500B54B94 /* LaunchScreen.xib */; };
		CED9A9EF1BA00B9500B54B94 /* ForkizeLibTests.m in Sources */ = {isa = PBXBuildFile; fileRef = CED9A9EE1BA00B9500B54B94 /* ForkizeLibTests.m */; };
		CED9A9FB1BA00BE900B54B94 /* ForkizeConfig.m in Sources */ = {isa = PBXBuildFile; fileRef = CED9A9FA1BA00BE900B54B94 /* ForkizeConfig.m */; };
		CED9A9FE1BA01B0500B54B94 /* DeviceInfo.m in Sources */ = {isa = PBXBuildFile; fileRef = CED9A9FD1BA01B0500B54B94 /* DeviceInfo.m */; };
		CED9AA011BA0378E00B54B94 /* ForkizeHelper.m in Sources */ = {isa = PBXBuildFile; fileRef = CED9AA001BA0378E00B54B94 /* ForkizeHelper.m */; };
		CED9AA0C1BA050B000B54B94 /* SessionInstance.m in Sources */ = {isa = PBXBuildFile; fileRef = CED9AA0B1BA050B000B54B94 /* SessionInstance.m */; };
		CED9AA151BA057E200B54B94 /* ForkizeEmpty.m in Sources */ = {isa = PBXBuildFile; fileRef = CED9AA141BA057E200B54B94 /* ForkizeEmpty.m */; };
		CED9AA191BA077B100B54B94 /* LocalStorageManager.m in Sources */ = {isa = PBXBuildFile; fileRef = CED9AA181BA077B100B54B94 /* LocalStorageManager.m */; };
		CED9AA1D1BA2B90800B54B94 /* ForkizeEventManager.m in Sources */ = {isa = PBXBuildFile; fileRef = CED9AA0E1BA050DE00B54B94 /* ForkizeEventManager.m */; };
		CED9AA1E1BA2B91100B54B94 /* UserProfile.m in Sources */ = {isa = PBXBuildFile; fileRef = CED9AA081BA0508100B54B94 /* UserProfile.m */; };
		CED9AA261BA2C7F500B54B94 /* DataAccessException.m in Sources */ = {isa = PBXBuildFile; fileRef = CED9AA221BA2C7F500B54B94 /* DataAccessException.m */; };
		CED9AA271BA2C7F500B54B94 /* SQLiteHelper.m in Sources */ = {isa = PBXBuildFile; fileRef = CED9AA251BA2C7F500B54B94 /* SQLiteHelper.m */; };
		CED9AA291BA2C81E00B54B94 /* libsqlite3.dylib in Frameworks */ = {isa = PBXBuildFile; fileRef = CED9AA281BA2C81E00B54B94 /* libsqlite3.dylib */; };
		CED9AA2D1BA2F04300B54B94 /* MemoryLocalStorage.m in Sources */ = {isa = PBXBuildFile; fileRef = CED9AA2C1BA2F04300B54B94 /* MemoryLocalStorage.m */; };
		CED9AA311BA3057400B54B94 /* SQLiteLocalStorage.m in Sources */ = {isa = PBXBuildFile; fileRef = CED9AA301BA3057400B54B94 /* SQLiteLocalStorage.m */; };
		CED9AA341BA3209500B54B94 /* DAOFactory.m in Sources */ = {isa = PBXBuildFile; fileRef = CED9AA331BA3209500B54B94 /* DAOFactory.m */; };
		CED9AA371BA320E100B54B94 /* EventsDAO.m in Sources */ = {isa = PBXBuildFile; fileRef = CED9AA361BA320E100B54B94 /* EventsDAO.m */; };
		CEE375D01BAC1B0600E438B2 /* projects-db-structure.sql in Resources */ = {isa = PBXBuildFile; fileRef = CEE375CF1BAC1B0600E438B2 /* projects-db-structure.sql */; };
		F820E3FA1C0618D600D4FF77 /* ForkizeFull.m in Sources */ = {isa = PBXBuildFile; fileRef = F820E3F91C0618D600D4FF77 /* ForkizeFull.m */; };
		F820E3FD1C06197800D4FF77 /* Forkize.m in Sources */ = {isa = PBXBuildFile; fileRef = F820E3FC1C06197800D4FF77 /* Forkize.m */; };
/* End PBXBuildFile section */

/* Begin PBXContainerItemProxy section */
		CED9A9E91BA00B9500B54B94 /* PBXContainerItemProxy */ = {
			isa = PBXContainerItemProxy;
			containerPortal = CED9A9C71BA00B9500B54B94 /* Project object */;
			proxyType = 1;
			remoteGlobalIDString = CED9A9CE1BA00B9500B54B94;
			remoteInfo = ForkizeLib;
		};
/* End PBXContainerItemProxy section */

/* Begin PBXFileReference section */
		CE63E5541BBBEFFF00A4DD79 /* ForkizeMessage.h */ = {isa = PBXFileReference; fileEncoding = 4; lastKnownFileType = sourcecode.c.h; name = ForkizeMessage.h; path = Forkize/ForkizeMessage.h; sourceTree = "<group>"; };
		CE63E5551BBBEFFF00A4DD79 /* ForkizeMessage.m */ = {isa = PBXFileReference; fileEncoding = 4; lastKnownFileType = sourcecode.c.objc; name = ForkizeMessage.m; path = Forkize/ForkizeMessage.m; sourceTree = "<group>"; };
		CEB760201C0A45E90091B9ED /* UserProfileInternal.h */ = {isa = PBXFileReference; fileEncoding = 4; lastKnownFileType = sourcecode.c.h; name = UserProfileInternal.h; path = Forkize/UserProfileInternal.h; sourceTree = "<group>"; };
		CEB760211C0A45E90091B9ED /* UserProfileInternal.m */ = {isa = PBXFileReference; fileEncoding = 4; lastKnownFileType = sourcecode.c.objc; name = UserProfileInternal.m; path = Forkize/UserProfileInternal.m; sourceTree = "<group>"; };
		CED0545F1BA6C5F600842D52 /* FZUserDAO.h */ = {isa = PBXFileReference; fileEncoding = 4; lastKnownFileType = sourcecode.c.h; name = FZUserDAO.h; path = Forkize/DB/FZUserDAO.h; sourceTree = "<group>"; };
		CED054601BA6C5F600842D52 /* FZUserDAO.m */ = {isa = PBXFileReference; fileEncoding = 4; lastKnownFileType = sourcecode.c.objc; name = FZUserDAO.m; path = Forkize/DB/FZUserDAO.m; sourceTree = "<group>"; };
		CED054621BA6CC6E00842D52 /* FZUser.h */ = {isa = PBXFileReference; fileEncoding = 4; lastKnownFileType = sourcecode.c.h; name = FZUser.h; path = Forkize/DB/FZUser.h; sourceTree = "<group>"; };
		CED054631BA6CC6E00842D52 /* FZUser.m */ = {isa = PBXFileReference; fileEncoding = 4; lastKnownFileType = sourcecode.c.objc; name = FZUser.m; path = Forkize/DB/FZUser.m; sourceTree = "<group>"; };
		CED054651BA6F64100842D52 /* projects.db */ = {isa = PBXFileReference; lastKnownFileType = file; name = projects.db; path = Forkize/DB/projects.db; sourceTree = "<group>"; };
		CED054671BA6FE1C00842D52 /* FZEvent.h */ = {isa = PBXFileReference; fileEncoding = 4; lastKnownFileType = sourcecode.c.h; name = FZEvent.h; path = Forkize/DB/FZEvent.h; sourceTree = "<group>"; };
		CED054681BA6FE1C00842D52 /* FZEvent.m */ = {isa = PBXFileReference; fileEncoding = 4; lastKnownFileType = sourcecode.c.objc; name = FZEvent.m; path = Forkize/DB/FZEvent.m; sourceTree = "<group>"; };
		CED0546E1BA7FDEC00842D52 /* LocationInstance.h */ = {isa = PBXFileReference; fileEncoding = 4; lastKnownFileType = sourcecode.c.h; name = LocationInstance.h; path = Forkize/LocationInstance.h; sourceTree = "<group>"; };
		CED0546F1BA7FDEC00842D52 /* LocationInstance.m */ = {isa = PBXFileReference; fileEncoding = 4; lastKnownFileType = sourcecode.c.objc; name = LocationInstance.m; path = Forkize/LocationInstance.m; sourceTree = "<group>"; };
		CED054711BA81B0700842D52 /* Reachability.h */ = {isa = PBXFileReference; fileEncoding = 4; lastKnownFileType = sourcecode.c.h; name = Reachability.h; path = Forkize/Reachability.h; sourceTree = "<group>"; };
		CED054721BA81B0700842D52 /* Reachability.m */ = {isa = PBXFileReference; fileEncoding = 4; lastKnownFileType = sourcecode.c.objc; name = Reachability.m; path = Forkize/Reachability.m; sourceTree = "<group>"; };
		CED054751BA9C03200842D52 /* Request.h */ = {isa = PBXFileReference; fileEncoding = 4; lastKnownFileType = sourcecode.c.h; name = Request.h; path = Forkize/Request.h; sourceTree = "<group>"; };
		CED054761BA9C03200842D52 /* Request.m */ = {isa = PBXFileReference; fileEncoding = 4; lastKnownFileType = sourcecode.c.objc; name = Request.m; path = Forkize/Request.m; sourceTree = "<group>"; };
		CED054781BA9C08300842D52 /* RestClient.h */ = {isa = PBXFileReference; fileEncoding = 4; lastKnownFileType = sourcecode.c.h; name = RestClient.h; path = Forkize/RestClient.h; sourceTree = "<group>"; };
		CED054791BA9C08300842D52 /* RestClient.m */ = {isa = PBXFileReference; fileEncoding = 4; lastKnownFileType = sourcecode.c.objc; name = RestClient.m; path = Forkize/RestClient.m; sourceTree = "<group>"; };
		CED9A9CF1BA00B9500B54B94 /* ForkizeLib.app */ = {isa = PBXFileReference; explicitFileType = wrapper.application; includeInIndex = 0; path = ForkizeLib.app; sourceTree = BUILT_PRODUCTS_DIR; };
		CED9A9D31BA00B9500B54B94 /* Info.plist */ = {isa = PBXFileReference; lastKnownFileType = text.plist.xml; path = Info.plist; sourceTree = "<group>"; };
		CED9A9D41BA00B9500B54B94 /* main.m */ = {isa = PBXFileReference; lastKnownFileType = sourcecode.c.objc; path = main.m; sourceTree = "<group>"; };
		CED9A9D61BA00B9500B54B94 /* AppDelegate.h */ = {isa = PBXFileReference; lastKnownFileType = sourcecode.c.h; path = AppDelegate.h; sourceTree = "<group>"; };
		CED9A9D71BA00B9500B54B94 /* AppDelegate.m */ = {isa = PBXFileReference; lastKnownFileType = sourcecode.c.objc; path = AppDelegate.m; sourceTree = "<group>"; };
		CED9A9D91BA00B9500B54B94 /* ViewController.h */ = {isa = PBXFileReference; lastKnownFileType = sourcecode.c.h; path = ViewController.h; sourceTree = "<group>"; };
		CED9A9DA1BA00B9500B54B94 /* ViewController.m */ = {isa = PBXFileReference; lastKnownFileType = sourcecode.c.objc; path = ViewController.m; sourceTree = "<group>"; };
		CED9A9DD1BA00B9500B54B94 /* Base */ = {isa = PBXFileReference; lastKnownFileType = file.storyboard; name = Base; path = Base.lproj/Main.storyboard; sourceTree = "<group>"; };
		CED9A9DF1BA00B9500B54B94 /* Images.xcassets */ = {isa = PBXFileReference; lastKnownFileType = folder.assetcatalog; path = Images.xcassets; sourceTree = "<group>"; };
		CED9A9E21BA00B9500B54B94 /* Base */ = {isa = PBXFileReference; lastKnownFileType = file.xib; name = Base; path = Base.lproj/LaunchScreen.xib; sourceTree = "<group>"; };
		CED9A9E81BA00B9500B54B94 /* ForkizeLibTests.xctest */ = {isa = PBXFileReference; explicitFileType = wrapper.cfbundle; includeInIndex = 0; path = ForkizeLibTests.xctest; sourceTree = BUILT_PRODUCTS_DIR; };
		CED9A9ED1BA00B9500B54B94 /* Info.plist */ = {isa = PBXFileReference; lastKnownFileType = text.plist.xml; path = Info.plist; sourceTree = "<group>"; };
		CED9A9EE1BA00B9500B54B94 /* ForkizeLibTests.m */ = {isa = PBXFileReference; lastKnownFileType = sourcecode.c.objc; path = ForkizeLibTests.m; sourceTree = "<group>"; };
		CED9A9F91BA00BE900B54B94 /* ForkizeConfig.h */ = {isa = PBXFileReference; fileEncoding = 4; lastKnownFileType = sourcecode.c.h; name = ForkizeConfig.h; path = Forkize/ForkizeConfig.h; sourceTree = "<group>"; };
		CED9A9FA1BA00BE900B54B94 /* ForkizeConfig.m */ = {isa = PBXFileReference; fileEncoding = 4; lastKnownFileType = sourcecode.c.objc; name = ForkizeConfig.m; path = Forkize/ForkizeConfig.m; sourceTree = "<group>"; };
		CED9A9FC1BA01B0500B54B94 /* DeviceInfo.h */ = {isa = PBXFileReference; fileEncoding = 4; lastKnownFileType = sourcecode.c.h; name = DeviceInfo.h; path = Forkize/DeviceInfo.h; sourceTree = "<group>"; };
		CED9A9FD1BA01B0500B54B94 /* DeviceInfo.m */ = {isa = PBXFileReference; fileEncoding = 4; lastKnownFileType = sourcecode.c.objc; name = DeviceInfo.m; path = Forkize/DeviceInfo.m; sourceTree = "<group>"; };
		CED9A9FF1BA0378E00B54B94 /* ForkizeHelper.h */ = {isa = PBXFileReference; fileEncoding = 4; lastKnownFileType = sourcecode.c.h; name = ForkizeHelper.h; path = Forkize/ForkizeHelper.h; sourceTree = "<group>"; };
		CED9AA001BA0378E00B54B94 /* ForkizeHelper.m */ = {isa = PBXFileReference; fileEncoding = 4; lastKnownFileType = sourcecode.c.objc; name = ForkizeHelper.m; path = Forkize/ForkizeHelper.m; sourceTree = "<group>"; };
		CED9AA031BA039E400B54B94 /* IForkize.h */ = {isa = PBXFileReference; lastKnownFileType = sourcecode.c.h; path = IForkize.h; sourceTree = "<group>"; };
		CED9AA071BA0508100B54B94 /* UserProfile.h */ = {isa = PBXFileReference; fileEncoding = 4; lastKnownFileType = sourcecode.c.h; name = UserProfile.h; path = Forkize/UserProfile.h; sourceTree = "<group>"; };
		CED9AA081BA0508100B54B94 /* UserProfile.m */ = {isa = PBXFileReference; fileEncoding = 4; lastKnownFileType = sourcecode.c.objc; name = UserProfile.m; path = Forkize/UserProfile.m; sourceTree = "<group>"; };
		CED9AA0A1BA050B000B54B94 /* SessionInstance.h */ = {isa = PBXFileReference; fileEncoding = 4; lastKnownFileType = sourcecode.c.h; name = SessionInstance.h; path = Forkize/SessionInstance.h; sourceTree = "<group>"; };
		CED9AA0B1BA050B000B54B94 /* SessionInstance.m */ = {isa = PBXFileReference; fileEncoding = 4; lastKnownFileType = sourcecode.c.objc; name = SessionInstance.m; path = Forkize/SessionInstance.m; sourceTree = "<group>"; };
		CED9AA0D1BA050DE00B54B94 /* ForkizeEventManager.h */ = {isa = PBXFileReference; fileEncoding = 4; lastKnownFileType = sourcecode.c.h; name = ForkizeEventManager.h; path = Forkize/ForkizeEventManager.h; sourceTree = "<group>"; };
		CED9AA0E1BA050DE00B54B94 /* ForkizeEventManager.m */ = {isa = PBXFileReference; fileEncoding = 4; lastKnownFileType = sourcecode.c.objc; name = ForkizeEventManager.m; path = Forkize/ForkizeEventManager.m; sourceTree = "<group>"; };
		CED9AA131BA057E200B54B94 /* ForkizeEmpty.h */ = {isa = PBXFileReference; fileEncoding = 4; lastKnownFileType = sourcecode.c.h; name = ForkizeEmpty.h; path = Forkize/ForkizeEmpty.h; sourceTree = "<group>"; };
		CED9AA141BA057E200B54B94 /* ForkizeEmpty.m */ = {isa = PBXFileReference; fileEncoding = 4; lastKnownFileType = sourcecode.c.objc; name = ForkizeEmpty.m; path = Forkize/ForkizeEmpty.m; sourceTree = "<group>"; };
		CED9AA171BA077B100B54B94 /* LocalStorageManager.h */ = {isa = PBXFileReference; fileEncoding = 4; lastKnownFileType = sourcecode.c.h; name = LocalStorageManager.h; path = Forkize/LocalStorage/LocalStorageManager.h; sourceTree = "<group>"; };
		CED9AA181BA077B100B54B94 /* LocalStorageManager.m */ = {isa = PBXFileReference; fileEncoding = 4; lastKnownFileType = sourcecode.c.objc; name = LocalStorageManager.m; path = Forkize/LocalStorage/LocalStorageManager.m; sourceTree = "<group>"; };
		CED9AA211BA2C7F500B54B94 /* DataAccessException.h */ = {isa = PBXFileReference; fileEncoding = 4; lastKnownFileType = sourcecode.c.h; name = DataAccessException.h; path = Forkize/DB/DataAccessException.h; sourceTree = "<group>"; };
		CED9AA221BA2C7F500B54B94 /* DataAccessException.m */ = {isa = PBXFileReference; fileEncoding = 4; lastKnownFileType = sourcecode.c.objc; name = DataAccessException.m; path = Forkize/DB/DataAccessException.m; sourceTree = "<group>"; };
		CED9AA231BA2C7F500B54B94 /* DBHelper.h */ = {isa = PBXFileReference; fileEncoding = 4; lastKnownFileType = sourcecode.c.h; name = DBHelper.h; path = Forkize/DB/DBHelper.h; sourceTree = "<group>"; };
		CED9AA241BA2C7F500B54B94 /* SQLiteHelper.h */ = {isa = PBXFileReference; fileEncoding = 4; lastKnownFileType = sourcecode.c.h; name = SQLiteHelper.h; path = Forkize/DB/SQLiteHelper.h; sourceTree = "<group>"; };
		CED9AA251BA2C7F500B54B94 /* SQLiteHelper.m */ = {isa = PBXFileReference; fileEncoding = 4; lastKnownFileType = sourcecode.c.objc; name = SQLiteHelper.m; path = Forkize/DB/SQLiteHelper.m; sourceTree = "<group>"; };
		CED9AA281BA2C81E00B54B94 /* libsqlite3.dylib */ = {isa = PBXFileReference; lastKnownFileType = "compiled.mach-o.dylib"; name = libsqlite3.dylib; path = usr/lib/libsqlite3.dylib; sourceTree = SDKROOT; };
		CED9AA2B1BA2F04300B54B94 /* MemoryLocalStorage.h */ = {isa = PBXFileReference; fileEncoding = 4; lastKnownFileType = sourcecode.c.h; name = MemoryLocalStorage.h; path = Forkize/LocalStorage/MemoryLocalStorage.h; sourceTree = "<group>"; };
		CED9AA2C1BA2F04300B54B94 /* MemoryLocalStorage.m */ = {isa = PBXFileReference; fileEncoding = 4; lastKnownFileType = sourcecode.c.objc; name = MemoryLocalStorage.m; path = Forkize/LocalStorage/MemoryLocalStorage.m; sourceTree = "<group>"; };
		CED9AA2F1BA3057400B54B94 /* SQLiteLocalStorage.h */ = {isa = PBXFileReference; fileEncoding = 4; lastKnownFileType = sourcecode.c.h; name = SQLiteLocalStorage.h; path = Forkize/LocalStorage/SQLiteLocalStorage.h; sourceTree = "<group>"; };
		CED9AA301BA3057400B54B94 /* SQLiteLocalStorage.m */ = {isa = PBXFileReference; fileEncoding = 4; lastKnownFileType = sourcecode.c.objc; name = SQLiteLocalStorage.m; path = Forkize/LocalStorage/SQLiteLocalStorage.m; sourceTree = "<group>"; };
		CED9AA321BA3209500B54B94 /* DAOFactory.h */ = {isa = PBXFileReference; fileEncoding = 4; lastKnownFileType = sourcecode.c.h; name = DAOFactory.h; path = Forkize/DB/DAOFactory.h; sourceTree = "<group>"; };
		CED9AA331BA3209500B54B94 /* DAOFactory.m */ = {isa = PBXFileReference; fileEncoding = 4; lastKnownFileType = sourcecode.c.objc; name = DAOFactory.m; path = Forkize/DB/DAOFactory.m; sourceTree = "<group>"; };
		CED9AA351BA320E100B54B94 /* EventsDAO.h */ = {isa = PBXFileReference; fileEncoding = 4; lastKnownFileType = sourcecode.c.h; name = EventsDAO.h; path = Forkize/DB/EventsDAO.h; sourceTree = "<group>"; };
		CED9AA361BA320E100B54B94 /* EventsDAO.m */ = {isa = PBXFileReference; fileEncoding = 4; lastKnownFileType = sourcecode.c.objc; name = EventsDAO.m; path = Forkize/DB/EventsDAO.m; sourceTree = "<group>"; };
		CEE375CF1BAC1B0600E438B2 /* projects-db-structure.sql */ = {isa = PBXFileReference; fileEncoding = 4; lastKnownFileType = text; name = "projects-db-structure.sql"; path = "Forkize/DB/projects-db-structure.sql"; sourceTree = "<group>"; };
		F820E3F81C0618D600D4FF77 /* ForkizeFull.h */ = {isa = PBXFileReference; fileEncoding = 4; lastKnownFileType = sourcecode.c.h; name = ForkizeFull.h; path = Forkize/ForkizeFull.h; sourceTree = "<group>"; };
		F820E3F91C0618D600D4FF77 /* ForkizeFull.m */ = {isa = PBXFileReference; fileEncoding = 4; lastKnownFileType = sourcecode.c.objc; name = ForkizeFull.m; path = Forkize/ForkizeFull.m; sourceTree = "<group>"; };
		F820E3FB1C06197800D4FF77 /* Forkize.h */ = {isa = PBXFileReference; fileEncoding = 4; lastKnownFileType = sourcecode.c.h; name = Forkize.h; path = Forkize/Forkize.h; sourceTree = "<group>"; };
		F820E3FC1C06197800D4FF77 /* Forkize.m */ = {isa = PBXFileReference; fileEncoding = 4; lastKnownFileType = sourcecode.c.objc; name = Forkize.m; path = Forkize/Forkize.m; sourceTree = "<group>"; };
/* End PBXFileReference section */

/* Begin PBXFrameworksBuildPhase section */
		CED9A9CC1BA00B9500B54B94 /* Frameworks */ = {
			isa = PBXFrameworksBuildPhase;
			buildActionMask = 2147483647;
			files = (
				CED9AA291BA2C81E00B54B94 /* libsqlite3.dylib in Frameworks */,
			);
			runOnlyForDeploymentPostprocessing = 0;
		};
		CED9A9E51BA00B9500B54B94 /* Frameworks */ = {
			isa = PBXFrameworksBuildPhase;
			buildActionMask = 2147483647;
			files = (
			);
			runOnlyForDeploymentPostprocessing = 0;
		};
/* End PBXFrameworksBuildPhase section */

/* Begin PBXGroup section */
		CED054741BA96DFF00842D52 /* DBObjects */ = {
			isa = PBXGroup;
			children = (
				CED054621BA6CC6E00842D52 /* FZUser.h */,
				CED054631BA6CC6E00842D52 /* FZUser.m */,
				CED054671BA6FE1C00842D52 /* FZEvent.h */,
				CED054681BA6FE1C00842D52 /* FZEvent.m */,
			);
			name = DBObjects;
			sourceTree = "<group>";
		};
		CED9A9C61BA00B9500B54B94 = {
			isa = PBXGroup;
			children = (
				CED9AA281BA2C81E00B54B94 /* libsqlite3.dylib */,
				CED9A9D11BA00B9500B54B94 /* ForkizeLib */,
				CED9A9EB1BA00B9500B54B94 /* ForkizeLibTests */,
				CED9A9D01BA00B9500B54B94 /* Products */,
			);
			sourceTree = "<group>";
		};
		CED9A9D01BA00B9500B54B94 /* Products */ = {
			isa = PBXGroup;
			children = (
				CED9A9CF1BA00B9500B54B94 /* ForkizeLib.app */,
				CED9A9E81BA00B9500B54B94 /* ForkizeLibTests.xctest */,
			);
			name = Products;
			sourceTree = "<group>";
		};
		CED9A9D11BA00B9500B54B94 /* ForkizeLib */ = {
			isa = PBXGroup;
			children = (
				CED9A9F81BA00B9E00B54B94 /* Forkize */,
				CED9A9D61BA00B9500B54B94 /* AppDelegate.h */,
				CED9A9D71BA00B9500B54B94 /* AppDelegate.m */,
				CED9A9D91BA00B9500B54B94 /* ViewController.h */,
				CED9A9DA1BA00B9500B54B94 /* ViewController.m */,
				CED9A9DC1BA00B9500B54B94 /* Main.storyboard */,
				CED9A9DF1BA00B9500B54B94 /* Images.xcassets */,
				CED9A9E11BA00B9500B54B94 /* LaunchScreen.xib */,
				CED9A9D21BA00B9500B54B94 /* Supporting Files */,
			);
			path = ForkizeLib;
			sourceTree = "<group>";
		};
		CED9A9D21BA00B9500B54B94 /* Supporting Files */ = {
			isa = PBXGroup;
			children = (
				CED9A9D31BA00B9500B54B94 /* Info.plist */,
				CED9A9D41BA00B9500B54B94 /* main.m */,
			);
			name = "Supporting Files";
			sourceTree = "<group>";
		};
		CED9A9EB1BA00B9500B54B94 /* ForkizeLibTests */ = {
			isa = PBXGroup;
			children = (
				CED9A9EE1BA00B9500B54B94 /* ForkizeLibTests.m */,
				CED9A9EC1BA00B9500B54B94 /* Supporting Files */,
			);
			path = ForkizeLibTests;
			sourceTree = "<group>";
		};
		CED9A9EC1BA00B9500B54B94 /* Supporting Files */ = {
			isa = PBXGroup;
			children = (
				CED9A9ED1BA00B9500B54B94 /* Info.plist */,
			);
			name = "Supporting Files";
			sourceTree = "<group>";
		};
		CED9A9F81BA00B9E00B54B94 /* Forkize */ = {
			isa = PBXGroup;
			children = (
				CED9AA1F1BA2C7DA00B54B94 /* DB */,
				CED9A9FC1BA01B0500B54B94 /* DeviceInfo.h */,
				CED9A9FD1BA01B0500B54B94 /* DeviceInfo.m */,
				CED9AA031BA039E400B54B94 /* IForkize.h */,
				F820E3FB1C06197800D4FF77 /* Forkize.h */,
				F820E3FC1C06197800D4FF77 /* Forkize.m */,
				CED9AA131BA057E200B54B94 /* ForkizeEmpty.h */,
				CED9AA141BA057E200B54B94 /* ForkizeEmpty.m */,
				F820E3F81C0618D600D4FF77 /* ForkizeFull.h */,
				F820E3F91C0618D600D4FF77 /* ForkizeFull.m */,
				CED9A9F91BA00BE900B54B94 /* ForkizeConfig.h */,
				CED9A9FA1BA00BE900B54B94 /* ForkizeConfig.m */,
				CED9AA0D1BA050DE00B54B94 /* ForkizeEventManager.h */,
				CED9AA0E1BA050DE00B54B94 /* ForkizeEventManager.m */,
				CED9A9FF1BA0378E00B54B94 /* ForkizeHelper.h */,
				CED9AA001BA0378E00B54B94 /* ForkizeHelper.m */,
				CE63E5541BBBEFFF00A4DD79 /* ForkizeMessage.h */,
				CE63E5551BBBEFFF00A4DD79 /* ForkizeMessage.m */,
				CED9AA161BA0778800B54B94 /* LocalStorage */,
				CED0546E1BA7FDEC00842D52 /* LocationInstance.h */,
				CED0546F1BA7FDEC00842D52 /* LocationInstance.m */,
				CED054711BA81B0700842D52 /* Reachability.h */,
				CED054721BA81B0700842D52 /* Reachability.m */,
				CED054751BA9C03200842D52 /* Request.h */,
				CED054761BA9C03200842D52 /* Request.m */,
				CED054781BA9C08300842D52 /* RestClient.h */,
				CED054791BA9C08300842D52 /* RestClient.m */,
				CED9AA0A1BA050B000B54B94 /* SessionInstance.h */,
				CED9AA0B1BA050B000B54B94 /* SessionInstance.m */,
				CED9AA071BA0508100B54B94 /* UserProfile.h */,
				CED9AA081BA0508100B54B94 /* UserProfile.m */,
				CEB760201C0A45E90091B9ED /* UserProfileInternal.h */,
				CEB760211C0A45E90091B9ED /* UserProfileInternal.m */,
			);
			name = Forkize;
			sourceTree = "<group>";
		};
		CED9AA161BA0778800B54B94 /* LocalStorage */ = {
			isa = PBXGroup;
			children = (
				CED9AA171BA077B100B54B94 /* LocalStorageManager.h */,
				CED9AA181BA077B100B54B94 /* LocalStorageManager.m */,
				CED9AA2B1BA2F04300B54B94 /* MemoryLocalStorage.h */,
				CED9AA2C1BA2F04300B54B94 /* MemoryLocalStorage.m */,
				CED9AA2F1BA3057400B54B94 /* SQLiteLocalStorage.h */,
				CED9AA301BA3057400B54B94 /* SQLiteLocalStorage.m */,
			);
			name = LocalStorage;
			sourceTree = "<group>";
		};
		CED9AA1F1BA2C7DA00B54B94 /* DB */ = {
			isa = PBXGroup;
			children = (
				CED054741BA96DFF00842D52 /* DBObjects */,
				CED054651BA6F64100842D52 /* projects.db */,
				CEE375CF1BAC1B0600E438B2 /* projects-db-structure.sql */,
				CED9AA321BA3209500B54B94 /* DAOFactory.h */,
				CED9AA331BA3209500B54B94 /* DAOFactory.m */,
				CED9AA211BA2C7F500B54B94 /* DataAccessException.h */,
				CED9AA221BA2C7F500B54B94 /* DataAccessException.m */,
				CED9AA231BA2C7F500B54B94 /* DBHelper.h */,
				CED9AA241BA2C7F500B54B94 /* SQLiteHelper.h */,
				CED9AA251BA2C7F500B54B94 /* SQLiteHelper.m */,
				CED9AA351BA320E100B54B94 /* EventsDAO.h */,
				CED9AA361BA320E100B54B94 /* EventsDAO.m */,
				CED0545F1BA6C5F600842D52 /* FZUserDAO.h */,
				CED054601BA6C5F600842D52 /* FZUserDAO.m */,
			);
			name = DB;
			sourceTree = "<group>";
		};
/* End PBXGroup section */

/* Begin PBXNativeTarget section */
		CED9A9CE1BA00B9500B54B94 /* ForkizeLib */ = {
			isa = PBXNativeTarget;
			buildConfigurationList = CED9A9F21BA00B9500B54B94 /* Build configuration list for PBXNativeTarget "ForkizeLib" */;
			buildPhases = (
				CED9A9CB1BA00B9500B54B94 /* Sources */,
				CED9A9CC1BA00B9500B54B94 /* Frameworks */,
				CED9A9CD1BA00B9500B54B94 /* Resources */,
			);
			buildRules = (
			);
			dependencies = (
			);
			name = ForkizeLib;
			productName = ForkizeLib;
			productReference = CED9A9CF1BA00B9500B54B94 /* ForkizeLib.app */;
			productType = "com.apple.product-type.application";
		};
		CED9A9E71BA00B9500B54B94 /* ForkizeLibTests */ = {
			isa = PBXNativeTarget;
			buildConfigurationList = CED9A9F51BA00B9500B54B94 /* Build configuration list for PBXNativeTarget "ForkizeLibTests" */;
			buildPhases = (
				CED9A9E41BA00B9500B54B94 /* Sources */,
				CED9A9E51BA00B9500B54B94 /* Frameworks */,
				CED9A9E61BA00B9500B54B94 /* Resources */,
			);
			buildRules = (
			);
			dependencies = (
				CED9A9EA1BA00B9500B54B94 /* PBXTargetDependency */,
			);
			name = ForkizeLibTests;
			productName = ForkizeLibTests;
			productReference = CED9A9E81BA00B9500B54B94 /* ForkizeLibTests.xctest */;
			productType = "com.apple.product-type.bundle.unit-test";
		};
/* End PBXNativeTarget section */

/* Begin PBXProject section */
		CED9A9C71BA00B9500B54B94 /* Project object */ = {
			isa = PBXProject;
			attributes = {
				LastUpgradeCheck = 0700;
				ORGANIZATIONNAME = Artak;
				TargetAttributes = {
					CED9A9CE1BA00B9500B54B94 = {
						CreatedOnToolsVersion = 6.4;
					};
					CED9A9E71BA00B9500B54B94 = {
						CreatedOnToolsVersion = 6.4;
						TestTargetID = CED9A9CE1BA00B9500B54B94;
					};
				};
			};
			buildConfigurationList = CED9A9CA1BA00B9500B54B94 /* Build configuration list for PBXProject "ForkizeLib" */;
			compatibilityVersion = "Xcode 3.2";
			developmentRegion = English;
			hasScannedForEncodings = 0;
			knownRegions = (
				en,
				Base,
			);
			mainGroup = CED9A9C61BA00B9500B54B94;
			productRefGroup = CED9A9D01BA00B9500B54B94 /* Products */;
			projectDirPath = "";
			projectRoot = "";
			targets = (
				CED9A9CE1BA00B9500B54B94 /* ForkizeLib */,
				CED9A9E71BA00B9500B54B94 /* ForkizeLibTests */,
			);
		};
/* End PBXProject section */

/* Begin PBXResourcesBuildPhase section */
		CED9A9CD1BA00B9500B54B94 /* Resources */ = {
			isa = PBXResourcesBuildPhase;
			buildActionMask = 2147483647;
			files = (
				CED9A9DE1BA00B9500B54B94 /* Main.storyboard in Resources */,
				CED054661BA6F64100842D52 /* projects.db in Resources */,
				CED9A9E31BA00B9500B54B94 /* LaunchScreen.xib in Resources */,
				CED9A9E01BA00B9500B54B94 /* Images.xcassets in Resources */,
				CEE375D01BAC1B0600E438B2 /* projects-db-structure.sql in Resources */,
			);
			runOnlyForDeploymentPostprocessing = 0;
		};
		CED9A9E61BA00B9500B54B94 /* Resources */ = {
			isa = PBXResourcesBuildPhase;
			buildActionMask = 2147483647;
			files = (
			);
			runOnlyForDeploymentPostprocessing = 0;
		};
/* End PBXResourcesBuildPhase section */

/* Begin PBXSourcesBuildPhase section */
		CED9A9CB1BA00B9500B54B94 /* Sources */ = {
			isa = PBXSourcesBuildPhase;
			buildActionMask = 2147483647;
			files = (
				CED0547A1BA9C08300842D52 /* RestClient.m in Sources */,
				CE63E5561BBBEFFF00A4DD79 /* ForkizeMessage.m in Sources */,
				CED054731BA81B0700842D52 /* Reachability.m in Sources */,
				CED9AA1E1BA2B91100B54B94 /* UserProfile.m in Sources */,
				CED9AA1D1BA2B90800B54B94 /* ForkizeEventManager.m in Sources */,
				CED9AA2D1BA2F04300B54B94 /* MemoryLocalStorage.m in Sources */,
				CED9AA371BA320E100B54B94 /* EventsDAO.m in Sources */,
				CED9AA011BA0378E00B54B94 /* ForkizeHelper.m in Sources */,
				CED054701BA7FDEC00842D52 /* LocationInstance.m in Sources */,
				CED9A9DB1BA00B9500B54B94 /* ViewController.m in Sources */,
				CED9AA261BA2C7F500B54B94 /* DataAccessException.m in Sources */,
				CED9AA311BA3057400B54B94 /* SQLiteLocalStorage.m in Sources */,
				CED9A9D81BA00B9500B54B94 /* AppDelegate.m in Sources */,
				CED9A9FE1BA01B0500B54B94 /* DeviceInfo.m in Sources */,
				CED9AA341BA3209500B54B94 /* DAOFactory.m in Sources */,
				CED054641BA6CC6E00842D52 /* FZUser.m in Sources */,
				CED9A9FB1BA00BE900B54B94 /* ForkizeConfig.m in Sources */,
				CED054611BA6C5F600842D52 /* FZUserDAO.m in Sources */,
				CED054771BA9C03200842D52 /* Request.m in Sources */,
				F820E3FA1C0618D600D4FF77 /* ForkizeFull.m in Sources */,
				CED9AA0C1BA050B000B54B94 /* SessionInstance.m in Sources */,
				CEB760221C0A45E90091B9ED /* UserProfileInternal.m in Sources */,
				CED9AA271BA2C7F500B54B94 /* SQLiteHelper.m in Sources */,
				CED9AA151BA057E200B54B94 /* ForkizeEmpty.m in Sources */,
				CED9AA191BA077B100B54B94 /* LocalStorageManager.m in Sources */,
				CED9A9D51BA00B9500B54B94 /* main.m in Sources */,
				F820E3FD1C06197800D4FF77 /* Forkize.m in Sources */,
				CED054691BA6FE1C00842D52 /* FZEvent.m in Sources */,
			);
			runOnlyForDeploymentPostprocessing = 0;
		};
		CED9A9E41BA00B9500B54B94 /* Sources */ = {
			isa = PBXSourcesBuildPhase;
			buildActionMask = 2147483647;
			files = (
				CED9A9EF1BA00B9500B54B94 /* ForkizeLibTests.m in Sources */,
			);
			runOnlyForDeploymentPostprocessing = 0;
		};
/* End PBXSourcesBuildPhase section */

/* Begin PBXTargetDependency section */
		CED9A9EA1BA00B9500B54B94 /* PBXTargetDependency */ = {
			isa = PBXTargetDependency;
			target = CED9A9CE1BA00B9500B54B94 /* ForkizeLib */;
			targetProxy = CED9A9E91BA00B9500B54B94 /* PBXContainerItemProxy */;
		};
/* End PBXTargetDependency section */

/* Begin PBXVariantGroup section */
		CED9A9DC1BA00B9500B54B94 /* Main.storyboard */ = {
			isa = PBXVariantGroup;
			children = (
				CED9A9DD1BA00B9500B54B94 /* Base */,
			);
			name = Main.storyboard;
			sourceTree = "<group>";
		};
		CED9A9E11BA00B9500B54B94 /* LaunchScreen.xib */ = {
			isa = PBXVariantGroup;
			children = (
				CED9A9E21BA00B9500B54B94 /* Base */,
			);
			name = LaunchScreen.xib;
			sourceTree = "<group>";
		};
/* End PBXVariantGroup section */

/* Begin XCBuildConfiguration section */
		CED9A9F01BA00B9500B54B94 /* Debug */ = {
			isa = XCBuildConfiguration;
			buildSettings = {
				ALWAYS_SEARCH_USER_PATHS = NO;
				CLANG_CXX_LANGUAGE_STANDARD = "gnu++0x";
				CLANG_CXX_LIBRARY = "libc++";
				CLANG_ENABLE_MODULES = YES;
				CLANG_ENABLE_OBJC_ARC = YES;
				CLANG_WARN_BOOL_CONVERSION = YES;
				CLANG_WARN_CONSTANT_CONVERSION = YES;
				CLANG_WARN_DIRECT_OBJC_ISA_USAGE = YES_ERROR;
				CLANG_WARN_EMPTY_BODY = YES;
				CLANG_WARN_ENUM_CONVERSION = YES;
				CLANG_WARN_INT_CONVERSION = YES;
				CLANG_WARN_OBJC_ROOT_CLASS = YES_ERROR;
				CLANG_WARN_UNREACHABLE_CODE = YES;
				CLANG_WARN__DUPLICATE_METHOD_MATCH = YES;
				"CODE_SIGN_IDENTITY[sdk=iphoneos*]" = "iPhone Developer";
				COPY_PHASE_STRIP = NO;
				DEBUG_INFORMATION_FORMAT = "dwarf-with-dsym";
				ENABLE_STRICT_OBJC_MSGSEND = YES;
				ENABLE_TESTABILITY = YES;
				GCC_C_LANGUAGE_STANDARD = gnu99;
				GCC_DYNAMIC_NO_PIC = NO;
				GCC_NO_COMMON_BLOCKS = YES;
				GCC_OPTIMIZATION_LEVEL = 0;
				GCC_PREPROCESSOR_DEFINITIONS = (
					"DEBUG=1",
					"$(inherited)",
				);
				GCC_SYMBOLS_PRIVATE_EXTERN = NO;
				GCC_WARN_64_TO_32_BIT_CONVERSION = YES;
				GCC_WARN_ABOUT_RETURN_TYPE = YES_ERROR;
				GCC_WARN_UNDECLARED_SELECTOR = YES;
				GCC_WARN_UNINITIALIZED_AUTOS = YES_AGGRESSIVE;
				GCC_WARN_UNUSED_FUNCTION = YES;
				GCC_WARN_UNUSED_VARIABLE = YES;
				IPHONEOS_DEPLOYMENT_TARGET = 8.4;
				MTL_ENABLE_DEBUG_INFO = YES;
				ONLY_ACTIVE_ARCH = YES;
				SDKROOT = iphoneos;
				TARGETED_DEVICE_FAMILY = "1,2";
			};
			name = Debug;
		};
		CED9A9F11BA00B9500B54B94 /* Release */ = {
			isa = XCBuildConfiguration;
			buildSettings = {
				ALWAYS_SEARCH_USER_PATHS = NO;
				CLANG_CXX_LANGUAGE_STANDARD = "gnu++0x";
				CLANG_CXX_LIBRARY = "libc++";
				CLANG_ENABLE_MODULES = YES;
				CLANG_ENABLE_OBJC_ARC = YES;
				CLANG_WARN_BOOL_CONVERSION = YES;
				CLANG_WARN_CONSTANT_CONVERSION = YES;
				CLANG_WARN_DIRECT_OBJC_ISA_USAGE = YES_ERROR;
				CLANG_WARN_EMPTY_BODY = YES;
				CLANG_WARN_ENUM_CONVERSION = YES;
				CLANG_WARN_INT_CONVERSION = YES;
				CLANG_WARN_OBJC_ROOT_CLASS = YES_ERROR;
				CLANG_WARN_UNREACHABLE_CODE = YES;
				CLANG_WARN__DUPLICATE_METHOD_MATCH = YES;
				"CODE_SIGN_IDENTITY[sdk=iphoneos*]" = "iPhone Developer";
				COPY_PHASE_STRIP = NO;
				DEBUG_INFORMATION_FORMAT = "dwarf-with-dsym";
				ENABLE_NS_ASSERTIONS = NO;
				ENABLE_STRICT_OBJC_MSGSEND = YES;
				GCC_C_LANGUAGE_STANDARD = gnu99;
				GCC_NO_COMMON_BLOCKS = YES;
				GCC_WARN_64_TO_32_BIT_CONVERSION = YES;
				GCC_WARN_ABOUT_RETURN_TYPE = YES_ERROR;
				GCC_WARN_UNDECLARED_SELECTOR = YES;
				GCC_WARN_UNINITIALIZED_AUTOS = YES_AGGRESSIVE;
				GCC_WARN_UNUSED_FUNCTION = YES;
				GCC_WARN_UNUSED_VARIABLE = YES;
				IPHONEOS_DEPLOYMENT_TARGET = 8.4;
				MTL_ENABLE_DEBUG_INFO = NO;
				ONLY_ACTIVE_ARCH = YES;
				SDKROOT = iphoneos;
				TARGETED_DEVICE_FAMILY = "1,2";
				VALIDATE_PRODUCT = YES;
			};
			name = Release;
		};
		CED9A9F31BA00B9500B54B94 /* Debug */ = {
			isa = XCBuildConfiguration;
			buildSettings = {
				ASSETCATALOG_COMPILER_APPICON_NAME = AppIcon;
				INFOPLIST_FILE = ForkizeLib/Info.plist;
				IPHONEOS_DEPLOYMENT_TARGET = 8.0;
				LD_RUNPATH_SEARCH_PATHS = "$(inherited) @executable_path/Frameworks";
				LIBRARY_SEARCH_PATHS = (
					"$(inherited)",
					"$(SDKROOT)/usr/lib/system",
				);
				PRODUCT_BUNDLE_IDENTIFIER = "com.artak.$(PRODUCT_NAME:rfc1034identifier)";
				PRODUCT_NAME = "$(TARGET_NAME)";
			};
			name = Debug;
		};
		CED9A9F41BA00B9500B54B94 /* Release */ = {
			isa = XCBuildConfiguration;
			buildSettings = {
				ASSETCATALOG_COMPILER_APPICON_NAME = AppIcon;
				INFOPLIST_FILE = ForkizeLib/Info.plist;
				IPHONEOS_DEPLOYMENT_TARGET = 8.0;
				LD_RUNPATH_SEARCH_PATHS = "$(inherited) @executable_path/Frameworks";
				LIBRARY_SEARCH_PATHS = (
					"$(inherited)",
					"$(SDKROOT)/usr/lib/system",
				);
				PRODUCT_BUNDLE_IDENTIFIER = "com.artak.$(PRODUCT_NAME:rfc1034identifier)";
				PRODUCT_NAME = "$(TARGET_NAME)";
			};
			name = Release;
		};
		CED9A9F61BA00B9500B54B94 /* Debug */ = {
			isa = XCBuildConfiguration;
			buildSettings = {
				BUNDLE_LOADER = "$(TEST_HOST)";
				FRAMEWORK_SEARCH_PATHS = (
					"$(SDKROOT)/Developer/Library/Frameworks",
					"$(inherited)",
				);
				GCC_PREPROCESSOR_DEFINITIONS = (
					"DEBUG=1",
					"$(inherited)",
				);
				INFOPLIST_FILE = ForkizeLibTests/Info.plist;
				LD_RUNPATH_SEARCH_PATHS = "$(inherited) @executable_path/Frameworks @loader_path/Frameworks";
				PRODUCT_BUNDLE_IDENTIFIER = "com.artak.$(PRODUCT_NAME:rfc1034identifier)";
				PRODUCT_NAME = "$(TARGET_NAME)";
				TEST_HOST = "$(BUILT_PRODUCTS_DIR)/ForkizeLib.app/ForkizeLib";
			};
			name = Debug;
		};
		CED9A9F71BA00B9500B54B94 /* Release */ = {
			isa = XCBuildConfiguration;
			buildSettings = {
				BUNDLE_LOADER = "$(TEST_HOST)";
				FRAMEWORK_SEARCH_PATHS = (
					"$(SDKROOT)/Developer/Library/Frameworks",
					"$(inherited)",
				);
				INFOPLIST_FILE = ForkizeLibTests/Info.plist;
				LD_RUNPATH_SEARCH_PATHS = "$(inherited) @executable_path/Frameworks @loader_path/Frameworks";
				PRODUCT_BUNDLE_IDENTIFIER = "com.artak.$(PRODUCT_NAME:rfc1034identifier)";
				PRODUCT_NAME = "$(TARGET_NAME)";
				TEST_HOST = "$(BUILT_PRODUCTS_DIR)/ForkizeLib.app/ForkizeLib";
			};
			name = Release;
		};
/* End XCBuildConfiguration section */

/* Begin XCConfigurationList section */
		CED9A9CA1BA00B9500B54B94 /* Build configuration list for PBXProject "ForkizeLib" */ = {
			isa = XCConfigurationList;
			buildConfigurations = (
				CED9A9F01BA00B9500B54B94 /* Debug */,
				CED9A9F11BA00B9500B54B94 /* Release */,
			);
			defaultConfigurationIsVisible = 0;
			defaultConfigurationName = Release;
		};
		CED9A9F21BA00B9500B54B94 /* Build configuration list for PBXNativeTarget "ForkizeLib" */ = {
			isa = XCConfigurationList;
			buildConfigurations = (
				CED9A9F31BA00B9500B54B94 /* Debug */,
				CED9A9F41BA00B9500B54B94 /* Release */,
			);
			defaultConfigurationIsVisible = 0;
			defaultConfigurationName = Release;
		};
		CED9A9F51BA00B9500B54B94 /* Build configuration list for PBXNativeTarget "ForkizeLibTests" */ = {
			isa = XCConfigurationList;
			buildConfigurations = (
				CED9A9F61BA00B9500B54B94 /* Debug */,
				CED9A9F71BA00B9500B54B94 /* Release */,
			);
			defaultConfigurationIsVisible = 0;
			defaultConfigurationName = Release;
		};
/* End XCConfigurationList section */
	};
	rootObject = CED9A9C71BA00B9500B54B94 /* Project object */;
}
